
Microsoft Visual Studio Solution File, Format Version 12.00
Project("{FAE04EC0-301F-11D3-BF4B-00C04F79EFBC}") = "WeatherModel", "WeatherModel.csproj", "{F3745FFC-25E0-4B6E-BE28-19EC8FFBA9FE}"
EndProject
Global
	GlobalSection(SolutionConfigurationPlatforms) = preSolution
		Debug|Any CPU = Debug|Any CPU
		Release|Any CPU = Release|Any CPU
	EndGlobalSection
	GlobalSection(ProjectConfigurationPlatforms) = postSolution
		{F3745FFC-25E0-4B6E-BE28-19EC8FFBA9FE}.Debug|Any CPU.ActiveCfg = Debug|Any CPU
		{F3745FFC-25E0-4B6E-BE28-19EC8FFBA9FE}.Debug|Any CPU.Build.0 = Debug|Any CPU
		{F3745FFC-25E0-4B6E-BE28-19EC8FFBA9FE}.Release|Any CPU.ActiveCfg = Release|Any CPU
		{F3745FFC-25E0-4B6E-BE28-19EC8FFBA9FE}.Release|Any CPU.Build.0 = Release|Any CPU
	EndGlobalSection
EndGlobal
